// !$*UTF8*$!
{
	archiveVersion = 1;
	classes = {
	};
	objectVersion = 42;
	objects = {

/* Begin PBXFileReference section */
		1021428012A5CADE00A3ED95 /* mcar experiment baseline results */ = {isa = PBXFileReference; fileEncoding = 4; lastKnownFileType = text; path = "mcar experiment baseline results"; sourceTree = "<group>"; };
		10294C5011A1A01400AAF551 /* mcar.cu */ = {isa = PBXFileReference; fileEncoding = 4; lastKnownFileType = sourcecode.cuda; path = mcar.cu; sourceTree = "<group>"; };
		10294C5111A1A01400AAF551 /* mcar.h */ = {isa = PBXFileReference; fileEncoding = 4; lastKnownFileType = sourcecode.c.h; path = mcar.h; sourceTree = "<group>"; };
		10294D4211A1B49500AAF551 /* profile_config */ = {isa = PBXFileReference; fileEncoding = 4; lastKnownFileType = text; path = profile_config; sourceTree = "<group>"; };
		10294DA311A1B99300AAF551 /* mcar_profile_log.csv */ = {isa = PBXFileReference; fileEncoding = 4; lastKnownFileType = text; path = mcar_profile_log.csv; sourceTree = "<group>"; };
		104A964D1298080900DC5289 /* main.h */ = {isa = PBXFileReference; fileEncoding = 4; lastKnownFileType = sourcecode.c.h; path = main.h; sourceTree = "<group>"; };
		104A968512993F6600DC5289 /* cuda_rand.cu */ = {isa = PBXFileReference; fileEncoding = 4; lastKnownFileType = sourcecode.cuda; path = cuda_rand.cu; sourceTree = "<group>"; };
		104A968812993F6600DC5289 /* cuda_utils.cu */ = {isa = PBXFileReference; fileEncoding = 4; lastKnownFileType = sourcecode.cuda; path = cuda_utils.cu; sourceTree = "<group>"; };
		104A968912993F6600DC5289 /* cuda_utils.h */ = {isa = PBXFileReference; fileEncoding = 4; lastKnownFileType = sourcecode.c.h; path = cuda_utils.h; sourceTree = "<group>"; };
		104A96FA129951DD00DC5289 /* misc_utils.c */ = {isa = PBXFileReference; fileEncoding = 4; lastKnownFileType = sourcecode.c.c; path = misc_utils.c; sourceTree = "<group>"; };
		104A96FB129951DD00DC5289 /* misc_utils.h */ = {isa = PBXFileReference; fileEncoding = 4; lastKnownFileType = sourcecode.c.h; path = misc_utils.h; sourceTree = "<group>"; };
		104A97341299772C00DC5289 /* notes.txt */ = {isa = PBXFileReference; fileEncoding = 4; lastKnownFileType = text; path = notes.txt; sourceTree = "<group>"; };
		104A9B9D129D22A300DC5289 /* check_calcs.numbers */ = {isa = PBXFileReference; lastKnownFileType = file; path = check_calcs.numbers; sourceTree = "<group>"; };
		106FF7F5119EE68B000CD6C8 /* Makefile */ = {isa = PBXFileReference; fileEncoding = 4; lastKnownFileType = sourcecode.make; path = Makefile; sourceTree = "<group>"; };
		106FF80D119EE7F5000CD6C8 /* main.c */ = {isa = PBXFileReference; fileEncoding = 4; lastKnownFileType = sourcecode.c.c; path = main.c; sourceTree = "<group>"; };
		10D25445129FF459004F4791 /* junk */ = {isa = PBXFileReference; fileEncoding = 4; lastKnownFileType = text; path = junk; sourceTree = "<group>"; };
		10D2568E12A14ECE004F4791 /* reduction.cu */ = {isa = PBXFileReference; fileEncoding = 4; lastKnownFileType = sourcecode.cuda; path = reduction.cu; sourceTree = "<group>"; };
		10D2568F12A14ECE004F4791 /* reduction.h */ = {isa = PBXFileReference; fileEncoding = 4; lastKnownFileType = sourcecode.c.h; path = reduction.h; sourceTree = "<group>"; };
		10D2572F12A19D7C004F4791 /* mcar_test_restart_small */ = {isa = PBXFileReference; fileEncoding = 4; lastKnownFileType = text; path = mcar_test_restart_small; sourceTree = "<group>"; };
		10D257AA12A1ADD8004F4791 /* todo.txt */ = {isa = PBXFileReference; fileEncoding = 4; lastKnownFileType = text; path = todo.txt; sourceTree = "<group>"; };
		10D2586212A27C51004F4791 /* optimize.txt */ = {isa = PBXFileReference; fileEncoding = 4; lastKnownFileType = text; path = optimize.txt; sourceTree = "<group>"; };
		10D25B6B12A54C2B004F4791 /* gpu_results.h */ = {isa = PBXFileReference; fileEncoding = 4; lastKnownFileType = sourcecode.c.h; path = gpu_results.h; sourceTree = "<group>"; };
		10D25B6C12A54C2B004F4791 /* gpu_results.cu */ = {isa = PBXFileReference; fileEncoding = 4; lastKnownFileType = sourcecode.cuda; path = gpu_results.cu; sourceTree = "<group>"; };
/* End PBXFileReference section */

/* Begin PBXGroup section */
		10294D9B11A1B93300AAF551 /* source */ = {
			isa = PBXGroup;
			children = (
				104A964D1298080900DC5289 /* main.h */,
				106FF80D119EE7F5000CD6C8 /* main.c */,
				10D25B6B12A54C2B004F4791 /* gpu_results.h */,
				10D25B6C12A54C2B004F4791 /* gpu_results.cu */,
				10294C5111A1A01400AAF551 /* mcar.h */,
				10294C5011A1A01400AAF551 /* mcar.cu */,
			);
			name = source;
			sourceTree = "<group>";
		};
		10294D9C11A1B93D00AAF551 /* other */ = {
			isa = PBXGroup;
			children = (
				106FF7F5119EE68B000CD6C8 /* Makefile */,
				10294D4211A1B49500AAF551 /* profile_config */,
				10294DA311A1B99300AAF551 /* mcar_profile_log.csv */,
			);
			name = other;
			sourceTree = "<group>";
		};
		104A96F9129951C400DC5289 /* utils */ = {
			isa = PBXGroup;
			children = (
				10D2568F12A14ECE004F4791 /* reduction.h */,
				10D2568E12A14ECE004F4791 /* reduction.cu */,
				104A96FB129951DD00DC5289 /* misc_utils.h */,
				104A96FA129951DD00DC5289 /* misc_utils.c */,
				104A968512993F6600DC5289 /* cuda_rand.cu */,
				104A968912993F6600DC5289 /* cuda_utils.h */,
				104A968812993F6600DC5289 /* cuda_utils.cu */,
			);
			name = utils;
			sourceTree = "<group>";
		};
		106FF7E9119EE654000CD6C8 = {
			isa = PBXGroup;
			children = (
				10D257AA12A1ADD8004F4791 /* todo.txt */,
				104A9B9D129D22A300DC5289 /* check_calcs.numbers */,
				104A97341299772C00DC5289 /* notes.txt */,
				10D25445129FF459004F4791 /* junk */,
				10D2572F12A19D7C004F4791 /* mcar_test_restart_small */,
				10D2586212A27C51004F4791 /* optimize.txt */,
				1021428012A5CADE00A3ED95 /* mcar experiment baseline results */,
				104A96F9129951C400DC5289 /* utils */,
				10294D9B11A1B93300AAF551 /* source */,
				10294D9C11A1B93D00AAF551 /* other */,
				10D25C1B12A5A034004F4791 /* Products */,
			);
			sourceTree = "<group>";
		};
		10D25C1B12A5A034004F4791 /* Products */ = {
			isa = PBXGroup;
			children = (
			);
			name = Products;
			sourceTree = "<group>";
		};
/* End PBXGroup section */

/* Begin PBXLegacyTarget section */
		10294CDE11A1AF0E00AAF551 /* mcardebug */ = {
			isa = PBXLegacyTarget;
			buildArgumentsString = "$(ACTION) --debug";
			buildConfigurationList = 10294CDF11A1AF0E00AAF551 /* Build configuration list for PBXLegacyTarget "mcardebug" */;
			buildPhases = (
			);
			buildToolPath = /usr/bin/make;
			buildWorkingDirectory = "";
			dependencies = (
			);
			name = mcardebug;
			passBuildSettingsInEnvironment = 1;
			productName = cuda_skeleton;
		};
		106FF818119EEEB0000CD6C8 /* mcar */ = {
			isa = PBXLegacyTarget;
			buildArgumentsString = "$(ACTION) ";
			buildConfigurationList = 106FF821119EEEC1000CD6C8 /* Build configuration list for PBXLegacyTarget "mcar" */;
			buildPhases = (
			);
			buildToolPath = /usr/bin/make;
			buildWorkingDirectory = "";
			dependencies = (
			);
			name = mcar;
			passBuildSettingsInEnvironment = 1;
			productName = cuda_skeleton;
		};
/* End PBXLegacyTarget section */

/* Begin PBXProject section */
		106FF7EB119EE654000CD6C8 /* Project object */ = {
			isa = PBXProject;
			buildConfigurationList = 106FF7EE119EE654000CD6C8 /* Build configuration list for PBXProject "mcar" */;
			compatibilityVersion = "Xcode 2.4";
			developmentRegion = English;
			hasScannedForEncodings = 0;
			knownRegions = (
				English,
				Japanese,
				French,
				German,
			);
			mainGroup = 106FF7E9119EE654000CD6C8;
			productRefGroup = 10D25C1B12A5A034004F4791 /* Products */;
			projectDirPath = "";
			projectRoot = "";
			targets = (
				106FF818119EEEB0000CD6C8 /* mcar */,
				10294CDE11A1AF0E00AAF551 /* mcardebug */,
			);
		};
/* End PBXProject section */

/* Begin XCBuildConfiguration section */
		10294CE011A1AF0E00AAF551 /* Debug */ = {
			isa = XCBuildConfiguration;
			buildSettings = {
				COPY_PHASE_STRIP = NO;
				GCC_DYNAMIC_NO_PIC = NO;
				GCC_OPTIMIZATION_LEVEL = 0;
				PRODUCT_NAME = mcar;
			};
			name = Debug;
		};
		10294CE111A1AF0E00AAF551 /* Release */ = {
			isa = XCBuildConfiguration;
			buildSettings = {
				COPY_PHASE_STRIP = YES;
				DEBUG_INFORMATION_FORMAT = "dwarf-with-dsym";
				GCC_ENABLE_FIX_AND_CONTINUE = NO;
				PRODUCT_NAME = mcar;
				ZERO_LINK = NO;
			};
			name = Release;
		};
		106FF7EC119EE654000CD6C8 /* Debug */ = {
			isa = XCBuildConfiguration;
			buildSettings = {
				COPY_PHASE_STRIP = NO;
			};
			name = Debug;
		};
		106FF7ED119EE654000CD6C8 /* Release */ = {
			isa = XCBuildConfiguration;
			buildSettings = {
				COPY_PHASE_STRIP = YES;
			};
			name = Release;
		};
		106FF819119EEEB0000CD6C8 /* Debug */ = {
			isa = XCBuildConfiguration;
			buildSettings = {
				COPY_PHASE_STRIP = NO;
				GCC_DYNAMIC_NO_PIC = NO;
				GCC_OPTIMIZATION_LEVEL = 0;
				PRODUCT_NAME = mcar;
			};
			name = Debug;
		};
		106FF81A119EEEB0000CD6C8 /* Release */ = {
			isa = XCBuildConfiguration;
			buildSettings = {
				COPY_PHASE_STRIP = YES;
				DEBUG_INFORMATION_FORMAT = "dwarf-with-dsym";
				GCC_ENABLE_FIX_AND_CONTINUE = NO;
				PRODUCT_NAME = mcar;
				ZERO_LINK = NO;
			};
			name = Release;
		};
/* End XCBuildConfiguration section */

/* Begin XCConfigurationList section */
		10294CDF11A1AF0E00AAF551 /* Build configuration list for PBXLegacyTarget "mcardebug" */ = {
			isa = XCConfigurationList;
			buildConfigurations = (
				10294CE011A1AF0E00AAF551 /* Debug */,
				10294CE111A1AF0E00AAF551 /* Release */,
			);
			defaultConfigurationIsVisible = 0;
			defaultConfigurationName = Release;
		};
		106FF7EE119EE654000CD6C8 /* Build configuration list for PBXProject "mcar" */ = {
			isa = XCConfigurationList;
			buildConfigurations = (
				106FF7EC119EE654000CD6C8 /* Debug */,
				106FF7ED119EE654000CD6C8 /* Release */,
			);
			defaultConfigurationIsVisible = 0;
			defaultConfigurationName = Release;
		};
		106FF821119EEEC1000CD6C8 /* Build configuration list for PBXLegacyTarget "mcar" */ = {
			isa = XCConfigurationList;
			buildConfigurations = (
				106FF819119EEEB0000CD6C8 /* Debug */,
				106FF81A119EEEB0000CD6C8 /* Release */,
			);
			defaultConfigurationIsVisible = 0;
			defaultConfigurationName = Release;
		};
/* End XCConfigurationList section */
	};
	rootObject = 106FF7EB119EE654000CD6C8 /* Project object */;
}
